{
  "name": "giphy",
  "version": "1.0.0",
  "lockfileVersion": 1,
  "requires": true,
  "dependencies": {
    "@angular/animations": {
      "version": "8.2.10",
      "resolved": "https://registry.npmjs.org/@angular/animations/-/animations-8.2.10.tgz",
      "integrity": "sha512-JX3r3CC5yt4s+XevUPyqbKIdGFb8FxoDCjCHi2ujBVRRsZaSZK8STIZsy+l+WZUd7/7Qu8MYCw0vazZN0kNyDg==",
      "requires": {
        "tslib": "^1.9.0"
      }
    },
    "@angular/cdk": {
      "version": "8.2.3",
      "resolved": "https://registry.npmjs.org/@angular/cdk/-/cdk-8.2.3.tgz",
      "integrity": "sha512-ZwO5Sn720RA2YvBqud0JAHkZXjmjxM0yNzCO8RVtRE9i8Gl26Wk0j0nQeJkVm4zwv2QO8MwbKUKGTMt8evsokA==",
      "requires": {
        "parse5": "^5.0.0",
        "tslib": "^1.7.1"
      }
    },
    "@angular/common": {
      "version": "8.2.10",
      "resolved": "https://registry.npmjs.org/@angular/common/-/common-8.2.10.tgz",
      "integrity": "sha512-ZbSTbyn6BrOvBqLZvDNeiatJNgH9LV/Qm0kLwfthrBYNPlS4eUzSn4EMO3n4vVFWCsyCNM0ieQjtKmyD1lg1fg==",
      "requires": {
        "tslib": "^1.9.0"
      }
    },
    "@angular/compiler": {
      "version": "8.2.10",
      "resolved": "https://registry.npmjs.org/@angular/compiler/-/compiler-8.2.10.tgz",
      "integrity": "sha512-pIHGhu+eXzTIsfQtYGnFi1Mknk+Z0h9lMVUpq6cazHukUBl76HVCeaGJ9+/sdHhDqNTrDV2ceCE0GkTU3H7RdA==",
      "requires": {
        "tslib": "^1.9.0"
      }
    },
    "@angular/core": {
      "version": "8.2.10",
      "resolved": "https://registry.npmjs.org/@angular/core/-/core-8.2.10.tgz",
      "integrity": "sha512-nUd/xZWIb1DHbr8agjVTvk4XUN9yBGEGQWN5ja5wJbPasoZC2GfiBHcmhttGHkocyB674d3x+xR2MvMvzEUdvw==",
      "requires": {
        "tslib": "^1.9.0"
      }
    },
    "@angular/forms": {
      "version": "8.2.10",
      "resolved": "https://registry.npmjs.org/@angular/forms/-/forms-8.2.10.tgz",
      "integrity": "sha512-41Vjc55EGEW5I+3N0wiNQL4vbFgQwWrwnN6H2mvOx7WOprHSfL5a9kk+5s/13kql3es7vyPyDDqQqkmBWuQtzg==",
      "requires": {
        "tslib": "^1.9.0"
      }
    },
    "@angular/material": {
      "version": "8.2.3",
      "resolved": "https://registry.npmjs.org/@angular/material/-/material-8.2.3.tgz",
      "integrity": "sha512-SOczkIaqes+r+9XF/UUiokidfFKBpHkOPIaFK857sFD0FBNPvPEpOr5oHKCG3feERRwAFqHS7Wo2ohVEWypb5A==",
      "requires": {
        "tslib": "^1.7.1"
      }
    },
    "@angular/platform-browser": {
      "version": "8.2.10",
      "resolved": "https://registry.npmjs.org/@angular/platform-browser/-/platform-browser-8.2.10.tgz",
      "integrity": "sha512-HHxI+25z3bSMrwvgRkCVgo8v1BmKiqdVDHiLa5uRUCVo9QAlPyvugqa949okzVVS2aOVso5jRKqqAz09qBH6dA==",
      "requires": {
        "tslib": "^1.9.0"
      }
    },
    "@angular/platform-browser-dynamic": {
      "version": "8.2.10",
      "resolved": "https://registry.npmjs.org/@angular/platform-browser-dynamic/-/platform-browser-dynamic-8.2.10.tgz",
      "integrity": "sha512-mpViCrRlCOtM4iW1VwPwANEAPLu2gHAQbtnZheSN1RSyuXFoe1th8ToGfSWcsWa0Hep6xU0sunYbaYWtb2IgjA==",
      "requires": {
        "tslib": "^1.9.0"
      }
    },
    "@angular/router": {
      "version": "8.2.10",
      "resolved": "https://registry.npmjs.org/@angular/router/-/router-8.2.10.tgz",
      "integrity": "sha512-qY5HnxrP1pKq87xp/iREVEGFmIB+NXZnS4BFN0sU8vwqPtEv8yC45YNIilT4zwn2fDxmTHvC7W+t3+yRizz+cQ==",
      "requires": {
        "tslib": "^1.9.0"
      }
    },
    "@ctrl/tinycolor": {
      "version": "2.5.3",
      "resolved": "https://registry.npmjs.org/@ctrl/tinycolor/-/tinycolor-2.5.3.tgz",
      "integrity": "sha512-tu0Xqhz0AI5LoU2yyz4asVAev4hzWt30dutbY6Nu7pKvLX0JP5p6NJ5uomwC/blhLMk88hVgXRODFlTB+c03Nw=="
    },
    "angular-svg-icon": {
      "version": "8.0.0",
      "resolved": "https://registry.npmjs.org/angular-svg-icon/-/angular-svg-icon-8.0.0.tgz",
      "integrity": "sha512-BCkurh8K42QSpZpWb3nJRU62u6/OvH0nPMzq+mjgAioLMsq46C8LNpO2bjSvxn+D0ufZic41y/BnxjUD00F1Bg==",
      "requires": {
        "tslib": "^1.9.0"
      }
    },
    "bootstrap": {
      "version": "4.3.1",
      "resolved": "https://registry.npmjs.org/bootstrap/-/bootstrap-4.3.1.tgz",
      "integrity": "sha512-rXqOmH1VilAt2DyPzluTi2blhk17bO7ef+zLLPlWvG494pDxcM234pJ8wTc/6R40UWizAIIMgxjvxZg5kmsbag=="
    },
    "hamburgers": {
      "version": "1.1.3",
      "resolved": "https://registry.npmjs.org/hamburgers/-/hamburgers-1.1.3.tgz",
      "integrity": "sha512-qpfnJwZq6ATAGJEriwuyfVNgT++GG+o+3bBfPYF7F3WY452cYKbaYGUuqwhp+3kHLI6CL4VIBfj8bfbp90Lp1A=="
    },
    "hammerjs": {
      "version": "2.0.8",
      "resolved": "https://registry.npmjs.org/hammerjs/-/hammerjs-2.0.8.tgz",
      "integrity": "sha1-BO93hiz/K7edMPdpIJWTAiK/YPE="
    },
    "jquery": {
      "version": "3.4.1",
      "resolved": "https://registry.npmjs.org/jquery/-/jquery-3.4.1.tgz",
      "integrity": "sha512-36+AdBzCL+y6qjw5Tx7HgzeGCzC81MDDgaUP8ld2zhx58HdqXGoBd+tHdrBMiyjGQs0Hxs/MLZTu/eHNJJuWPw=="
    },
    "material-colors": {
      "version": "1.2.6",
      "resolved": "https://registry.npmjs.org/material-colors/-/material-colors-1.2.6.tgz",
      "integrity": "sha512-6qE4B9deFBIa9YSpOc9O0Sgc43zTeVYbgDT5veRKSlB2+ZuHNoVVxA1L/ckMUayV9Ay9y7Z/SZCLcGteW9i7bg=="
    },
    "ngx-color": {
      "version": "4.1.0",
      "resolved": "https://registry.npmjs.org/ngx-color/-/ngx-color-4.1.0.tgz",
      "integrity": "sha512-QDdjbucWwje0LPRAF0c7THVNSrU9Y7eHlxzRth1sNDkWQ+9Nf97AlNCVgbChw5PSrnzjTB+LH/ZoRS2i0qK4eQ==",
      "requires": {
        "@ctrl/tinycolor": "^2.5.3",
        "material-colors": "^1.2.6",
        "tslib": "^1.9.0"
      }
    },
    "parse5": {
      "version": "5.1.0",
      "resolved": "https://registry.npmjs.org/parse5/-/parse5-5.1.0.tgz",
      "integrity": "sha512-fxNG2sQjHvlVAYmzBZS9YlDp6PTSSDwa98vkD4QgVDDCAo84z5X1t5XyJQ62ImdLXx5NdIIfihey6xpum9/gRQ==",
      "optional": true
    },
    "popper.js": {
      "version": "1.15.0",
      "resolved": "https://registry.npmjs.org/popper.js/-/popper.js-1.15.0.tgz",
      "integrity": "sha512-w010cY1oCUmI+9KwwlWki+r5jxKfTFDVoadl7MSrIujHU5MJ5OR6HTDj6Xo8aoR/QsA56x8jKjA59qGH4ELtrA=="
    },
    "rxjs": {
      "version": "6.5.3",
      "resolved": "https://registry.npmjs.org/rxjs/-/rxjs-6.5.3.tgz",
      "integrity": "sha512-wuYsAYYFdWTAnAaPoKGNhfpWwKZbJW+HgAJ+mImp+Epl7BG8oNWBCTyRM8gba9k4lk8BgWdoYm21Mo/RYhhbgA==",
      "requires": {
        "tslib": "^1.9.0"
      }
    },
    "tslib": {
      "version": "1.10.0",
      "resolved": "https://registry.npmjs.org/tslib/-/tslib-1.10.0.tgz",
      "integrity": "sha512-qOebF53frne81cf0S9B41ByenJ3/IuH8yJKngAX35CmiZySA0khhkovshKK+jGCaMnVomla7gVlIcc3EvKPbTQ=="
    },
    "zone.js": {
      "version": "0.9.1",
      "resolved": "https://registry.npmjs.org/zone.js/-/zone.js-0.9.1.tgz",
      "integrity": "sha512-GkPiJL8jifSrKReKaTZ5jkhrMEgXbXYC+IPo1iquBjayRa0q86w3Dipjn8b415jpitMExe9lV8iTsv8tk3DGag=="
    }
  }
}
